
Microsoft Visual Studio Solution File, Format Version 12.00
# Visual Studio Version 17
VisualStudioVersion = 17.8.34330.188
MinimumVisualStudioVersion = 10.0.40219.1
Project("{FAE04EC0-301F-11D3-BF4B-00C04F79EFBC}") = "RealEstateManager", "RealEstateManager.csproj", "{168DF24E-2CB7-4C63-BAA7-39E504EA242F}"
EndProject
Project("{FAE04EC0-301F-11D3-BF4B-00C04F79EFBC}") = "RealEstateManager.Application", "..\RealEstateManager.Application\RealEstateManager.Application.csproj", "{8F1964DF-65DF-46F7-85C3-AEB3A59959AB}"
EndProject
Project("{FAE04EC0-301F-11D3-BF4B-00C04F79EFBC}") = "RealEstateManager.Infrastructure", "..\RealEstateManager.Infrastructure\RealEstateManager.Infrastructure.csproj", "{680548DB-5011-4020-BB36-E7AE3C571127}"
EndProject
Project("{FAE04EC0-301F-11D3-BF4B-00C04F79EFBC}") = "RealEstateManager.Domain", "..\RealEstateManager.Domain\RealEstateManager.Domain.csproj", "{F416B703-553A-4E01-B8D1-EB6F110779B0}"
EndProject
Project("{FAE04EC0-301F-11D3-BF4B-00C04F79EFBC}") = "RealEstateManager.UnitTest", "..\RealEstateManager.UnitTest\RealEstateManager.UnitTest.csproj", "{7DEC0E53-3EE1-4814-BA5C-B8FB365AC440}"
EndProject
Global
	GlobalSection(SolutionConfigurationPlatforms) = preSolution
		Debug|Any CPU = Debug|Any CPU
		Release|Any CPU = Release|Any CPU
	EndGlobalSection
	GlobalSection(ProjectConfigurationPlatforms) = postSolution
		{168DF24E-2CB7-4C63-BAA7-39E504EA242F}.Debug|Any CPU.ActiveCfg = Debug|Any CPU
		{168DF24E-2CB7-4C63-BAA7-39E504EA242F}.Debug|Any CPU.Build.0 = Debug|Any CPU
		{168DF24E-2CB7-4C63-BAA7-39E504EA242F}.Release|Any CPU.ActiveCfg = Release|Any CPU
		{168DF24E-2CB7-4C63-BAA7-39E504EA242F}.Release|Any CPU.Build.0 = Release|Any CPU
		{8F1964DF-65DF-46F7-85C3-AEB3A59959AB}.Debug|Any CPU.ActiveCfg = Debug|Any CPU
		{8F1964DF-65DF-46F7-85C3-AEB3A59959AB}.Debug|Any CPU.Build.0 = Debug|Any CPU
		{8F1964DF-65DF-46F7-85C3-AEB3A59959AB}.Release|Any CPU.ActiveCfg = Release|Any CPU
		{8F1964DF-65DF-46F7-85C3-AEB3A59959AB}.Release|Any CPU.Build.0 = Release|Any CPU
		{680548DB-5011-4020-BB36-E7AE3C571127}.Debug|Any CPU.ActiveCfg = Debug|Any CPU
		{680548DB-5011-4020-BB36-E7AE3C571127}.Debug|Any CPU.Build.0 = Debug|Any CPU
		{680548DB-5011-4020-BB36-E7AE3C571127}.Release|Any CPU.ActiveCfg = Release|Any CPU
		{680548DB-5011-4020-BB36-E7AE3C571127}.Release|Any CPU.Build.0 = Release|Any CPU
		{F416B703-553A-4E01-B8D1-EB6F110779B0}.Debug|Any CPU.ActiveCfg = Debug|Any CPU
		{F416B703-553A-4E01-B8D1-EB6F110779B0}.Debug|Any CPU.Build.0 = Debug|Any CPU
		{F416B703-553A-4E01-B8D1-EB6F110779B0}.Release|Any CPU.ActiveCfg = Release|Any CPU
		{F416B703-553A-4E01-B8D1-EB6F110779B0}.Release|Any CPU.Build.0 = Release|Any CPU
		{7DEC0E53-3EE1-4814-BA5C-B8FB365AC440}.Debug|Any CPU.ActiveCfg = Debug|Any CPU
		{7DEC0E53-3EE1-4814-BA5C-B8FB365AC440}.Debug|Any CPU.Build.0 = Debug|Any CPU
		{7DEC0E53-3EE1-4814-BA5C-B8FB365AC440}.Release|Any CPU.ActiveCfg = Release|Any CPU
		{7DEC0E53-3EE1-4814-BA5C-B8FB365AC440}.Release|Any CPU.Build.0 = Release|Any CPU
	EndGlobalSection
	GlobalSection(SolutionProperties) = preSolution
		HideSolutionNode = FALSE
	EndGlobalSection
	GlobalSection(ExtensibilityGlobals) = postSolution
		SolutionGuid = {E126DBEC-68D3-4E33-8F8E-F873E8CF2DC7}
	EndGlobalSection
EndGlobal
