
Microsoft Visual Studio Solution File, Format Version 12.00
# Visual Studio Version 17
VisualStudioVersion = 17.8.34330.188
MinimumVisualStudioVersion = 10.0.40219.1
Project("{FAE04EC0-301F-11D3-BF4B-00C04F79EFBC}") = "RealEstateManager.API", "RealEstateManager.API.csproj", "{AFBFE370-733B-4609-A84E-8BE17D001337}"
EndProject
Project("{FAE04EC0-301F-11D3-BF4B-00C04F79EFBC}") = "RealEstateManager.Application", "..\RealEstateManager.Application\RealEstateManager.Application.csproj", "{D2C9440B-8E63-478A-B19B-6C0BDC87830C}"
EndProject
Project("{FAE04EC0-301F-11D3-BF4B-00C04F79EFBC}") = "RealEstateManager.Domain", "..\RealEstateManager.Domain\RealEstateManager.Domain.csproj", "{05A3DB20-65A7-482A-8F4C-5D19E63E5392}"
EndProject
Project("{FAE04EC0-301F-11D3-BF4B-00C04F79EFBC}") = "RealEstateManager.Infrastructure", "..\RealEstateManager.Infrastructure\RealEstateManager.Infrastructure.csproj", "{7A119062-538C-49D9-B7E1-FFE5AB7320CF}"
EndProject
Project("{FAE04EC0-301F-11D3-BF4B-00C04F79EFBC}") = "RealEstateManager.UnitTest", "..\RealEstateManager.UnitTest\RealEstateManager.UnitTest.csproj", "{FC016E6B-1A78-4AE6-B9A0-0BFF6DA645B2}"
EndProject
Global
	GlobalSection(SolutionConfigurationPlatforms) = preSolution
		Debug|Any CPU = Debug|Any CPU
		Release|Any CPU = Release|Any CPU
	EndGlobalSection
	GlobalSection(ProjectConfigurationPlatforms) = postSolution
		{AFBFE370-733B-4609-A84E-8BE17D001337}.Debug|Any CPU.ActiveCfg = Debug|Any CPU
		{AFBFE370-733B-4609-A84E-8BE17D001337}.Debug|Any CPU.Build.0 = Debug|Any CPU
		{AFBFE370-733B-4609-A84E-8BE17D001337}.Release|Any CPU.ActiveCfg = Release|Any CPU
		{AFBFE370-733B-4609-A84E-8BE17D001337}.Release|Any CPU.Build.0 = Release|Any CPU
		{D2C9440B-8E63-478A-B19B-6C0BDC87830C}.Debug|Any CPU.ActiveCfg = Debug|Any CPU
		{D2C9440B-8E63-478A-B19B-6C0BDC87830C}.Debug|Any CPU.Build.0 = Debug|Any CPU
		{D2C9440B-8E63-478A-B19B-6C0BDC87830C}.Release|Any CPU.ActiveCfg = Release|Any CPU
		{D2C9440B-8E63-478A-B19B-6C0BDC87830C}.Release|Any CPU.Build.0 = Release|Any CPU
		{05A3DB20-65A7-482A-8F4C-5D19E63E5392}.Debug|Any CPU.ActiveCfg = Debug|Any CPU
		{05A3DB20-65A7-482A-8F4C-5D19E63E5392}.Debug|Any CPU.Build.0 = Debug|Any CPU
		{05A3DB20-65A7-482A-8F4C-5D19E63E5392}.Release|Any CPU.ActiveCfg = Release|Any CPU
		{05A3DB20-65A7-482A-8F4C-5D19E63E5392}.Release|Any CPU.Build.0 = Release|Any CPU
		{7A119062-538C-49D9-B7E1-FFE5AB7320CF}.Debug|Any CPU.ActiveCfg = Debug|Any CPU
		{7A119062-538C-49D9-B7E1-FFE5AB7320CF}.Debug|Any CPU.Build.0 = Debug|Any CPU
		{7A119062-538C-49D9-B7E1-FFE5AB7320CF}.Release|Any CPU.ActiveCfg = Release|Any CPU
		{7A119062-538C-49D9-B7E1-FFE5AB7320CF}.Release|Any CPU.Build.0 = Release|Any CPU
		{FC016E6B-1A78-4AE6-B9A0-0BFF6DA645B2}.Debug|Any CPU.ActiveCfg = Debug|Any CPU
		{FC016E6B-1A78-4AE6-B9A0-0BFF6DA645B2}.Debug|Any CPU.Build.0 = Debug|Any CPU
		{FC016E6B-1A78-4AE6-B9A0-0BFF6DA645B2}.Release|Any CPU.ActiveCfg = Release|Any CPU
		{FC016E6B-1A78-4AE6-B9A0-0BFF6DA645B2}.Release|Any CPU.Build.0 = Release|Any CPU
	EndGlobalSection
	GlobalSection(SolutionProperties) = preSolution
		HideSolutionNode = FALSE
	EndGlobalSection
	GlobalSection(ExtensibilityGlobals) = postSolution
		SolutionGuid = {21205B2B-A8D5-4657-A97D-2D208C3554AF}
	EndGlobalSection
EndGlobal
